
Microsoft Visual Studio Solution File, Format Version 12.00
# Visual Studio Version 16
VisualStudioVersion = 16.0.30611.23
MinimumVisualStudioVersion = 10.0.40219.1
Project("{FAE04EC0-301F-11D3-BF4B-00C04F79EFBC}") = "AppStan", "AppStan\AppStan.csproj", "{C55C11C8-3FAA-4FD8-8612-930ED6F0C69A}"
EndProject
Global
	GlobalSection(SolutionConfigurationPlatforms) = preSolution
		Debug|Any CPU = Debug|Any CPU
		Release|Any CPU = Release|Any CPU
	EndGlobalSection
	GlobalSection(ProjectConfigurationPlatforms) = postSolution
		{C55C11C8-3FAA-4FD8-8612-930ED6F0C69A}.Debug|Any CPU.ActiveCfg = Debug|Any CPU
		{C55C11C8-3FAA-4FD8-8612-930ED6F0C69A}.Debug|Any CPU.Build.0 = Debug|Any CPU
		{C55C11C8-3FAA-4FD8-8612-930ED6F0C69A}.Release|Any CPU.ActiveCfg = Release|Any CPU
		{C55C11C8-3FAA-4FD8-8612-930ED6F0C69A}.Release|Any CPU.Build.0 = Release|Any CPU
	EndGlobalSection
	GlobalSection(SolutionProperties) = preSolution
		HideSolutionNode = FALSE
	EndGlobalSection
	GlobalSection(ExtensibilityGlobals) = postSolution
		SolutionGuid = {3F226D60-5DD1-4046-9159-679F68E733D4}
	EndGlobalSection
EndGlobal
